// !$*UTF8*$!
{
	archiveVersion = 1;
	classes = {
	};
	objectVersion = 50;
	objects = {

/* Begin PBXBuildFile section */
		15221C522167E9C7007D5653 /* HomeViewController.swift in Sources */ = {isa = PBXBuildFile; fileRef = 15221C512167E9C7007D5653 /* HomeViewController.swift */; };
		152ECCA5215853A900C0DCC4 /* DailyBookViewController.swift in Sources */ = {isa = PBXBuildFile; fileRef = 152ECCA4215853A900C0DCC4 /* DailyBookViewController.swift */; };
		153218FC217E34EA0008D961 /* UserOptionViewController.swift in Sources */ = {isa = PBXBuildFile; fileRef = 153218FB217E34EA0008D961 /* UserOptionViewController.swift */; };
		153218FE217E5C3C0008D961 /* SearchViewController.swift in Sources */ = {isa = PBXBuildFile; fileRef = 153218FD217E5C3C0008D961 /* SearchViewController.swift */; };
		159C8D69214801A400C4623C /* AppDelegate.swift in Sources */ = {isa = PBXBuildFile; fileRef = 159C8D68214801A400C4623C /* AppDelegate.swift */; };
		159C8D70214801A400C4623C /* Main.storyboard in Resources */ = {isa = PBXBuildFile; fileRef = 159C8D6E214801A400C4623C /* Main.storyboard */; };
		159C8D75214801A600C4623C /* LaunchScreen.storyboard in Resources */ = {isa = PBXBuildFile; fileRef = 159C8D73214801A600C4623C /* LaunchScreen.storyboard */; };
		159C8D80214801A600C4623C /* DailyBookTests.swift in Sources */ = {isa = PBXBuildFile; fileRef = 159C8D7F214801A600C4623C /* DailyBookTests.swift */; };
		159C8D8B214801A600C4623C /* DailyBookUITests.swift in Sources */ = {isa = PBXBuildFile; fileRef = 159C8D8A214801A600C4623C /* DailyBookUITests.swift */; };
		159DF112217B5DC0002025B3 /* Assets.xcassets in Resources */ = {isa = PBXBuildFile; fileRef = 159DF111217B5DC0002025B3 /* Assets.xcassets */; };
		159E0C28217A05C0005DCC8C /* BooksSample.plist in Resources */ = {isa = PBXBuildFile; fileRef = 159E0C27217A05C0005DCC8C /* BooksSample.plist */; };
		159E0C2A217A110B005DCC8C /* DailyBook.swift in Sources */ = {isa = PBXBuildFile; fileRef = 159E0C29217A110B005DCC8C /* DailyBook.swift */; };
/* End PBXBuildFile section */

/* Begin PBXContainerItemProxy section */
		159C8D7C214801A600C4623C /* PBXContainerItemProxy */ = {
			isa = PBXContainerItemProxy;
			containerPortal = 159C8D5D214801A400C4623C /* Project object */;
			proxyType = 1;
			remoteGlobalIDString = 159C8D64214801A400C4623C;
			remoteInfo = DailyBook;
		};
		159C8D87214801A600C4623C /* PBXContainerItemProxy */ = {
			isa = PBXContainerItemProxy;
			containerPortal = 159C8D5D214801A400C4623C /* Project object */;
			proxyType = 1;
			remoteGlobalIDString = 159C8D64214801A400C4623C;
			remoteInfo = DailyBook;
		};
/* End PBXContainerItemProxy section */

/* Begin PBXFileReference section */
		15221C512167E9C7007D5653 /* HomeViewController.swift */ = {isa = PBXFileReference; lastKnownFileType = sourcecode.swift; path = HomeViewController.swift; sourceTree = "<group>"; };
		152ECCA4215853A900C0DCC4 /* DailyBookViewController.swift */ = {isa = PBXFileReference; lastKnownFileType = sourcecode.swift; path = DailyBookViewController.swift; sourceTree = "<group>"; };
		153218FB217E34EA0008D961 /* UserOptionViewController.swift */ = {isa = PBXFileReference; lastKnownFileType = sourcecode.swift; path = UserOptionViewController.swift; sourceTree = "<group>"; };
		153218FD217E5C3C0008D961 /* SearchViewController.swift */ = {isa = PBXFileReference; lastKnownFileType = sourcecode.swift; path = SearchViewController.swift; sourceTree = "<group>"; };
		159C8D65214801A400C4623C /* DailyBook.app */ = {isa = PBXFileReference; explicitFileType = wrapper.application; includeInIndex = 0; path = DailyBook.app; sourceTree = BUILT_PRODUCTS_DIR; };
		159C8D68214801A400C4623C /* AppDelegate.swift */ = {isa = PBXFileReference; lastKnownFileType = sourcecode.swift; path = AppDelegate.swift; sourceTree = "<group>"; };
		159C8D6F214801A400C4623C /* Base */ = {isa = PBXFileReference; lastKnownFileType = file.storyboard; name = Base; path = Base.lproj/Main.storyboard; sourceTree = "<group>"; };
		159C8D74214801A600C4623C /* Base */ = {isa = PBXFileReference; lastKnownFileType = file.storyboard; name = Base; path = Base.lproj/LaunchScreen.storyboard; sourceTree = "<group>"; };
		159C8D76214801A600C4623C /* Info.plist */ = {isa = PBXFileReference; lastKnownFileType = text.plist.xml; path = Info.plist; sourceTree = "<group>"; };
		159C8D7B214801A600C4623C /* DailyBookTests.xctest */ = {isa = PBXFileReference; explicitFileType = wrapper.cfbundle; includeInIndex = 0; path = DailyBookTests.xctest; sourceTree = BUILT_PRODUCTS_DIR; };
		159C8D7F214801A600C4623C /* DailyBookTests.swift */ = {isa = PBXFileReference; lastKnownFileType = sourcecode.swift; path = DailyBookTests.swift; sourceTree = "<group>"; };
		159C8D81214801A600C4623C /* Info.plist */ = {isa = PBXFileReference; lastKnownFileType = text.plist.xml; path = Info.plist; sourceTree = "<group>"; };
		159C8D86214801A600C4623C /* DailyBookUITests.xctest */ = {isa = PBXFileReference; explicitFileType = wrapper.cfbundle; includeInIndex = 0; path = DailyBookUITests.xctest; sourceTree = BUILT_PRODUCTS_DIR; };
		159C8D8A214801A600C4623C /* DailyBookUITests.swift */ = {isa = PBXFileReference; lastKnownFileType = sourcecode.swift; path = DailyBookUITests.swift; sourceTree = "<group>"; };
		159C8D8C214801A600C4623C /* Info.plist */ = {isa = PBXFileReference; lastKnownFileType = text.plist.xml; path = Info.plist; sourceTree = "<group>"; };
		159DF111217B5DC0002025B3 /* Assets.xcassets */ = {isa = PBXFileReference; lastKnownFileType = folder.assetcatalog; path = Assets.xcassets; sourceTree = "<group>"; };
		159E0C27217A05C0005DCC8C /* BooksSample.plist */ = {isa = PBXFileReference; lastKnownFileType = text.plist.xml; path = BooksSample.plist; sourceTree = "<group>"; };
		159E0C29217A110B005DCC8C /* DailyBook.swift */ = {isa = PBXFileReference; lastKnownFileType = sourcecode.swift; path = DailyBook.swift; sourceTree = "<group>"; };
/* End PBXFileReference section */

/* Begin PBXFrameworksBuildPhase section */
		159C8D62214801A400C4623C /* Frameworks */ = {
			isa = PBXFrameworksBuildPhase;
			buildActionMask = 2147483647;
			files = (
			);
			runOnlyForDeploymentPostprocessing = 0;
		};
		159C8D78214801A600C4623C /* Frameworks */ = {
			isa = PBXFrameworksBuildPhase;
			buildActionMask = 2147483647;
			files = (
			);
			runOnlyForDeploymentPostprocessing = 0;
		};
		159C8D83214801A600C4623C /* Frameworks */ = {
			isa = PBXFrameworksBuildPhase;
			buildActionMask = 2147483647;
			files = (
			);
			runOnlyForDeploymentPostprocessing = 0;
		};
/* End PBXFrameworksBuildPhase section */

/* Begin PBXGroup section */
		159C8D5C214801A400C4623C = {
			isa = PBXGroup;
			children = (
				159C8D67214801A400C4623C /* DailyBook */,
				159C8D7E214801A600C4623C /* DailyBookTests */,
				159C8D89214801A600C4623C /* DailyBookUITests */,
				159C8D66214801A400C4623C /* Products */,
			);
			sourceTree = "<group>";
		};
		159C8D66214801A400C4623C /* Products */ = {
			isa = PBXGroup;
			children = (
				159C8D65214801A400C4623C /* DailyBook.app */,
				159C8D7B214801A600C4623C /* DailyBookTests.xctest */,
				159C8D86214801A600C4623C /* DailyBookUITests.xctest */,
			);
			name = Products;
			sourceTree = "<group>";
		};
		159C8D67214801A400C4623C /* DailyBook */ = {
			isa = PBXGroup;
			children = (
				159DF111217B5DC0002025B3 /* Assets.xcassets */,
				152ECCA4215853A900C0DCC4 /* DailyBookViewController.swift */,
				159C8D68214801A400C4623C /* AppDelegate.swift */,
				159C8D6E214801A400C4623C /* Main.storyboard */,
				153218FD217E5C3C0008D961 /* SearchViewController.swift */,
				153218FB217E34EA0008D961 /* UserOptionViewController.swift */,
				159C8D73214801A600C4623C /* LaunchScreen.storyboard */,
				159C8D76214801A600C4623C /* Info.plist */,
				15221C512167E9C7007D5653 /* HomeViewController.swift */,
				159E0C27217A05C0005DCC8C /* BooksSample.plist */,
				159E0C29217A110B005DCC8C /* DailyBook.swift */,
			);
			path = DailyBook;
			sourceTree = "<group>";
		};
		159C8D7E214801A600C4623C /* DailyBookTests */ = {
			isa = PBXGroup;
			children = (
				159C8D7F214801A600C4623C /* DailyBookTests.swift */,
				159C8D81214801A600C4623C /* Info.plist */,
			);
			path = DailyBookTests;
			sourceTree = "<group>";
		};
		159C8D89214801A600C4623C /* DailyBookUITests */ = {
			isa = PBXGroup;
			children = (
				159C8D8A214801A600C4623C /* DailyBookUITests.swift */,
				159C8D8C214801A600C4623C /* Info.plist */,
			);
			path = DailyBookUITests;
			sourceTree = "<group>";
		};
/* End PBXGroup section */

/* Begin PBXNativeTarget section */
		159C8D64214801A400C4623C /* DailyBook */ = {
			isa = PBXNativeTarget;
			buildConfigurationList = 159C8D8F214801A600C4623C /* Build configuration list for PBXNativeTarget "DailyBook" */;
			buildPhases = (
				159C8D61214801A400C4623C /* Sources */,
				159C8D62214801A400C4623C /* Frameworks */,
				159C8D63214801A400C4623C /* Resources */,
			);
			buildRules = (
			);
			dependencies = (
			);
			name = DailyBook;
			productName = DailyBook;
			productReference = 159C8D65214801A400C4623C /* DailyBook.app */;
			productType = "com.apple.product-type.application";
		};
		159C8D7A214801A600C4623C /* DailyBookTests */ = {
			isa = PBXNativeTarget;
			buildConfigurationList = 159C8D92214801A600C4623C /* Build configuration list for PBXNativeTarget "DailyBookTests" */;
			buildPhases = (
				159C8D77214801A600C4623C /* Sources */,
				159C8D78214801A600C4623C /* Frameworks */,
				159C8D79214801A600C4623C /* Resources */,
			);
			buildRules = (
			);
			dependencies = (
				159C8D7D214801A600C4623C /* PBXTargetDependency */,
			);
			name = DailyBookTests;
			productName = DailyBookTests;
			productReference = 159C8D7B214801A600C4623C /* DailyBookTests.xctest */;
			productType = "com.apple.product-type.bundle.unit-test";
		};
		159C8D85214801A600C4623C /* DailyBookUITests */ = {
			isa = PBXNativeTarget;
			buildConfigurationList = 159C8D95214801A600C4623C /* Build configuration list for PBXNativeTarget "DailyBookUITests" */;
			buildPhases = (
				159C8D82214801A600C4623C /* Sources */,
				159C8D83214801A600C4623C /* Frameworks */,
				159C8D84214801A600C4623C /* Resources */,
			);
			buildRules = (
			);
			dependencies = (
				159C8D88214801A600C4623C /* PBXTargetDependency */,
			);
			name = DailyBookUITests;
			productName = DailyBookUITests;
			productReference = 159C8D86214801A600C4623C /* DailyBookUITests.xctest */;
			productType = "com.apple.product-type.bundle.ui-testing";
		};
/* End PBXNativeTarget section */

/* Begin PBXProject section */
		159C8D5D214801A400C4623C /* Project object */ = {
			isa = PBXProject;
			attributes = {
				LastSwiftUpdateCheck = 0940;
				LastUpgradeCheck = 0940;
				ORGANIZATIONNAME = "Miguel Angel Rubio Caballero";
				TargetAttributes = {
					159C8D64214801A400C4623C = {
						CreatedOnToolsVersion = 9.4.1;
						LastSwiftMigration = 1000;
					};
					159C8D7A214801A600C4623C = {
						CreatedOnToolsVersion = 9.4.1;
						LastSwiftMigration = 1000;
						TestTargetID = 159C8D64214801A400C4623C;
					};
					159C8D85214801A600C4623C = {
						CreatedOnToolsVersion = 9.4.1;
						LastSwiftMigration = 1000;
						TestTargetID = 159C8D64214801A400C4623C;
					};
				};
			};
			buildConfigurationList = 159C8D60214801A400C4623C /* Build configuration list for PBXProject "DailyBook" */;
			compatibilityVersion = "Xcode 9.3";
			developmentRegion = en;
			hasScannedForEncodings = 0;
			knownRegions = (
				en,
				Base,
			);
			mainGroup = 159C8D5C214801A400C4623C;
			productRefGroup = 159C8D66214801A400C4623C /* Products */;
			projectDirPath = "";
			projectRoot = "";
			targets = (
				159C8D64214801A400C4623C /* DailyBook */,
				159C8D7A214801A600C4623C /* DailyBookTests */,
				159C8D85214801A600C4623C /* DailyBookUITests */,
			);
		};
/* End PBXProject section */

/* Begin PBXResourcesBuildPhase section */
		159C8D63214801A400C4623C /* Resources */ = {
			isa = PBXResourcesBuildPhase;
			buildActionMask = 2147483647;
			files = (
				159C8D75214801A600C4623C /* LaunchScreen.storyboard in Resources */,
				159C8D70214801A400C4623C /* Main.storyboard in Resources */,
				159DF112217B5DC0002025B3 /* Assets.xcassets in Resources */,
				159E0C28217A05C0005DCC8C /* BooksSample.plist in Resources */,
			);
			runOnlyForDeploymentPostprocessing = 0;
		};
		159C8D79214801A600C4623C /* Resources */ = {
			isa = PBXResourcesBuildPhase;
			buildActionMask = 2147483647;
			files = (
			);
			runOnlyForDeploymentPostprocessing = 0;
		};
		159C8D84214801A600C4623C /* Resources */ = {
			isa = PBXResourcesBuildPhase;
			buildActionMask = 2147483647;
			files = (
			);
			runOnlyForDeploymentPostprocessing = 0;
		};
/* End PBXResourcesBuildPhase section */

/* Begin PBXSourcesBuildPhase section */
		159C8D61214801A400C4623C /* Sources */ = {
			isa = PBXSourcesBuildPhase;
			buildActionMask = 2147483647;
			files = (
				153218FE217E5C3C0008D961 /* SearchViewController.swift in Sources */,
				159E0C2A217A110B005DCC8C /* DailyBook.swift in Sources */,
				152ECCA5215853A900C0DCC4 /* DailyBookViewController.swift in Sources */,
				153218FC217E34EA0008D961 /* UserOptionViewController.swift in Sources */,
				159C8D69214801A400C4623C /* AppDelegate.swift in Sources */,
				15221C522167E9C7007D5653 /* HomeViewController.swift in Sources */,
			);
			runOnlyForDeploymentPostprocessing = 0;
		};
		159C8D77214801A600C4623C /* Sources */ = {
			isa = PBXSourcesBuildPhase;
			buildActionMask = 2147483647;
			files = (
				159C8D80214801A600C4623C /* DailyBookTests.swift in Sources */,
			);
			runOnlyForDeploymentPostprocessing = 0;
		};
		159C8D82214801A600C4623C /* Sources */ = {
			isa = PBXSourcesBuildPhase;
			buildActionMask = 2147483647;
			files = (
				159C8D8B214801A600C4623C /* DailyBookUITests.swift in Sources */,
			);
			runOnlyForDeploymentPostprocessing = 0;
		};
/* End PBXSourcesBuildPhase section */

/* Begin PBXTargetDependency section */
		159C8D7D214801A600C4623C /* PBXTargetDependency */ = {
			isa = PBXTargetDependency;
			target = 159C8D64214801A400C4623C /* DailyBook */;
			targetProxy = 159C8D7C214801A600C4623C /* PBXContainerItemProxy */;
		};
		159C8D88214801A600C4623C /* PBXTargetDependency */ = {
			isa = PBXTargetDependency;
			target = 159C8D64214801A400C4623C /* DailyBook */;
			targetProxy = 159C8D87214801A600C4623C /* PBXContainerItemProxy */;
		};
/* End PBXTargetDependency section */

/* Begin PBXVariantGroup section */
		159C8D6E214801A400C4623C /* Main.storyboard */ = {
			isa = PBXVariantGroup;
			children = (
				159C8D6F214801A400C4623C /* Base */,
			);
			name = Main.storyboard;
			sourceTree = "<group>";
		};
		159C8D73214801A600C4623C /* LaunchScreen.storyboard */ = {
			isa = PBXVariantGroup;
			children = (
				159C8D74214801A600C4623C /* Base */,
			);
			name = LaunchScreen.storyboard;
			sourceTree = "<group>";
		};
/* End PBXVariantGroup section */

/* Begin XCBuildConfiguration section */
		159C8D8D214801A600C4623C /* Debug */ = {
			isa = XCBuildConfiguration;
			buildSettings = {
				ALWAYS_SEARCH_USER_PATHS = NO;
				CLANG_ANALYZER_NONNULL = YES;
				CLANG_ANALYZER_NUMBER_OBJECT_CONVERSION = YES_AGGRESSIVE;
				CLANG_CXX_LANGUAGE_STANDARD = "gnu++14";
				CLANG_CXX_LIBRARY = "libc++";
				CLANG_ENABLE_MODULES = YES;
				CLANG_ENABLE_OBJC_ARC = YES;
				CLANG_ENABLE_OBJC_WEAK = YES;
				CLANG_WARN_BLOCK_CAPTURE_AUTORELEASING = YES;
				CLANG_WARN_BOOL_CONVERSION = YES;
				CLANG_WARN_COMMA = YES;
				CLANG_WARN_CONSTANT_CONVERSION = YES;
				CLANG_WARN_DEPRECATED_OBJC_IMPLEMENTATIONS = YES;
				CLANG_WARN_DIRECT_OBJC_ISA_USAGE = YES_ERROR;
				CLANG_WARN_DOCUMENTATION_COMMENTS = YES;
				CLANG_WARN_EMPTY_BODY = YES;
				CLANG_WARN_ENUM_CONVERSION = YES;
				CLANG_WARN_INFINITE_RECURSION = YES;
				CLANG_WARN_INT_CONVERSION = YES;
				CLANG_WARN_NON_LITERAL_NULL_CONVERSION = YES;
				CLANG_WARN_OBJC_IMPLICIT_RETAIN_SELF = YES;
				CLANG_WARN_OBJC_LITERAL_CONVERSION = YES;
				CLANG_WARN_OBJC_ROOT_CLASS = YES_ERROR;
				CLANG_WARN_RANGE_LOOP_ANALYSIS = YES;
				CLANG_WARN_STRICT_PROTOTYPES = YES;
				CLANG_WARN_SUSPICIOUS_MOVE = YES;
				CLANG_WARN_UNGUARDED_AVAILABILITY = YES_AGGRESSIVE;
				CLANG_WARN_UNREACHABLE_CODE = YES;
				CLANG_WARN__DUPLICATE_METHOD_MATCH = YES;
				CODE_SIGN_IDENTITY = "iPhone Developer";
				COPY_PHASE_STRIP = NO;
				DEBUG_INFORMATION_FORMAT = dwarf;
				ENABLE_STRICT_OBJC_MSGSEND = YES;
				ENABLE_TESTABILITY = YES;
				GCC_C_LANGUAGE_STANDARD = gnu11;
				GCC_DYNAMIC_NO_PIC = NO;
				GCC_NO_COMMON_BLOCKS = YES;
				GCC_OPTIMIZATION_LEVEL = 0;
				GCC_PREPROCESSOR_DEFINITIONS = (
					"DEBUG=1",
					"$(inherited)",
				);
				GCC_WARN_64_TO_32_BIT_CONVERSION = YES;
				GCC_WARN_ABOUT_RETURN_TYPE = YES_ERROR;
				GCC_WARN_UNDECLARED_SELECTOR = YES;
				GCC_WARN_UNINITIALIZED_AUTOS = YES_AGGRESSIVE;
				GCC_WARN_UNUSED_FUNCTION = YES;
				GCC_WARN_UNUSED_VARIABLE = YES;
				IPHONEOS_DEPLOYMENT_TARGET = 11.4;
				MTL_ENABLE_DEBUG_INFO = YES;
				ONLY_ACTIVE_ARCH = YES;
				SDKROOT = iphoneos;
				SWIFT_ACTIVE_COMPILATION_CONDITIONS = DEBUG;
				SWIFT_OPTIMIZATION_LEVEL = "-Onone";
			};
			name = Debug;
		};
		159C8D8E214801A600C4623C /* Release */ = {
			isa = XCBuildConfiguration;
			buildSettings = {
				ALWAYS_SEARCH_USER_PATHS = NO;
				CLANG_ANALYZER_NONNULL = YES;
				CLANG_ANALYZER_NUMBER_OBJECT_CONVERSION = YES_AGGRESSIVE;
				CLANG_CXX_LANGUAGE_STANDARD = "gnu++14";
				CLANG_CXX_LIBRARY = "libc++";
				CLANG_ENABLE_MODULES = YES;
				CLANG_ENABLE_OBJC_ARC = YES;
				CLANG_ENABLE_OBJC_WEAK = YES;
				CLANG_WARN_BLOCK_CAPTURE_AUTORELEASING = YES;
				CLANG_WARN_BOOL_CONVERSION = YES;
				CLANG_WARN_COMMA = YES;
				CLANG_WARN_CONSTANT_CONVERSION = YES;
				CLANG_WARN_DEPRECATED_OBJC_IMPLEMENTATIONS = YES;
				CLANG_WARN_DIRECT_OBJC_ISA_USAGE = YES_ERROR;
				CLANG_WARN_DOCUMENTATION_COMMENTS = YES;
				CLANG_WARN_EMPTY_BODY = YES;
				CLANG_WARN_ENUM_CONVERSION = YES;
				CLANG_WARN_INFINITE_RECURSION = YES;
				CLANG_WARN_INT_CONVERSION = YES;
				CLANG_WARN_NON_LITERAL_NULL_CONVERSION = YES;
				CLANG_WARN_OBJC_IMPLICIT_RETAIN_SELF = YES;
				CLANG_WARN_OBJC_LITERAL_CONVERSION = YES;
				CLANG_WARN_OBJC_ROOT_CLASS = YES_ERROR;
				CLANG_WARN_RANGE_LOOP_ANALYSIS = YES;
				CLANG_WARN_STRICT_PROTOTYPES = YES;
				CLANG_WARN_SUSPICIOUS_MOVE = YES;
				CLANG_WARN_UNGUARDED_AVAILABILITY = YES_AGGRESSIVE;
				CLANG_WARN_UNREACHABLE_CODE = YES;
				CLANG_WARN__DUPLICATE_METHOD_MATCH = YES;
				CODE_SIGN_IDENTITY = "iPhone Developer";
				COPY_PHASE_STRIP = NO;
				DEBUG_INFORMATION_FORMAT = "dwarf-with-dsym";
				ENABLE_NS_ASSERTIONS = NO;
				ENABLE_STRICT_OBJC_MSGSEND = YES;
				GCC_C_LANGUAGE_STANDARD = gnu11;
				GCC_NO_COMMON_BLOCKS = YES;
				GCC_WARN_64_TO_32_BIT_CONVERSION = YES;
				GCC_WARN_ABOUT_RETURN_TYPE = YES_ERROR;
				GCC_WARN_UNDECLARED_SELECTOR = YES;
				GCC_WARN_UNINITIALIZED_AUTOS = YES_AGGRESSIVE;
				GCC_WARN_UNUSED_FUNCTION = YES;
				GCC_WARN_UNUSED_VARIABLE = YES;
				IPHONEOS_DEPLOYMENT_TARGET = 11.4;
				MTL_ENABLE_DEBUG_INFO = NO;
				SDKROOT = iphoneos;
				SWIFT_COMPILATION_MODE = wholemodule;
				SWIFT_OPTIMIZATION_LEVEL = "-O";
				VALIDATE_PRODUCT = YES;
			};
			name = Release;
		};
		159C8D90214801A600C4623C /* Debug */ = {
			isa = XCBuildConfiguration;
			buildSettings = {
				ASSETCATALOG_COMPILER_APPICON_NAME = AppIcon;
				CODE_SIGN_STYLE = Automatic;
				DEVELOPMENT_TEAM = ZGL9XB3S9G;
				INFOPLIST_FILE = DailyBook/Info.plist;
				LD_RUNPATH_SEARCH_PATHS = (
					"$(inherited)",
					"@executable_path/Frameworks",
				);
				PRODUCT_BUNDLE_IDENTIFIER = Miguel.DailyBook;
				PRODUCT_NAME = "$(TARGET_NAME)";
				SWIFT_VERSION = 4.2;
				TARGETED_DEVICE_FAMILY = "1,2";
			};
			name = Debug;
		};
		159C8D91214801A600C4623C /* Release */ = {
			isa = XCBuildConfiguration;
			buildSettings = {
				ASSETCATALOG_COMPILER_APPICON_NAME = AppIcon;
				CODE_SIGN_STYLE = Automatic;
				DEVELOPMENT_TEAM = ZGL9XB3S9G;
				INFOPLIST_FILE = DailyBook/Info.plist;
				LD_RUNPATH_SEARCH_PATHS = (
					"$(inherited)",
					"@executable_path/Frameworks",
				);
				PRODUCT_BUNDLE_IDENTIFIER = Miguel.DailyBook;
				PRODUCT_NAME = "$(TARGET_NAME)";
				SWIFT_VERSION = 4.2;
				TARGETED_DEVICE_FAMILY = "1,2";
			};
			name = Release;
		};
		159C8D93214801A600C4623C /* Debug */ = {
			isa = XCBuildConfiguration;
			buildSettings = {
				ALWAYS_EMBED_SWIFT_STANDARD_LIBRARIES = YES;
				BUNDLE_LOADER = "$(TEST_HOST)";
				CODE_SIGN_STYLE = Automatic;
				INFOPLIST_FILE = DailyBookTests/Info.plist;
				LD_RUNPATH_SEARCH_PATHS = (
					"$(inherited)",
					"@executable_path/Frameworks",
					"@loader_path/Frameworks",
				);
				PRODUCT_BUNDLE_IDENTIFIER = Miguel.DailyBookTests;
				PRODUCT_NAME = "$(TARGET_NAME)";
				SWIFT_VERSION = 4.2;
				TARGETED_DEVICE_FAMILY = "1,2";
				TEST_HOST = "$(BUILT_PRODUCTS_DIR)/DailyBook.app/DailyBook";
			};
			name = Debug;
		};
		159C8D94214801A600C4623C /* Release */ = {
			isa = XCBuildConfiguration;
			buildSettings = {
				ALWAYS_EMBED_SWIFT_STANDARD_LIBRARIES = YES;
				BUNDLE_LOADER = "$(TEST_HOST)";
				CODE_SIGN_STYLE = Automatic;
				INFOPLIST_FILE = DailyBookTests/Info.plist;
				LD_RUNPATH_SEARCH_PATHS = (
					"$(inherited)",
					"@executable_path/Frameworks",
					"@loader_path/Frameworks",
				);
				PRODUCT_BUNDLE_IDENTIFIER = Miguel.DailyBookTests;
				PRODUCT_NAME = "$(TARGET_NAME)";
				SWIFT_VERSION = 4.2;
				TARGETED_DEVICE_FAMILY = "1,2";
				TEST_HOST = "$(BUILT_PRODUCTS_DIR)/DailyBook.app/DailyBook";
			};
			name = Release;
		};
		159C8D96214801A600C4623C /* Debug */ = {
			isa = XCBuildConfiguration;
			buildSettings = {
				ALWAYS_EMBED_SWIFT_STANDARD_LIBRARIES = YES;
				CODE_SIGN_STYLE = Automatic;
				INFOPLIST_FILE = DailyBookUITests/Info.plist;
				LD_RUNPATH_SEARCH_PATHS = (
					"$(inherited)",
					"@executable_path/Frameworks",
					"@loader_path/Frameworks",
				);
				PRODUCT_BUNDLE_IDENTIFIER = Miguel.DailyBookUITests;
				PRODUCT_NAME = "$(TARGET_NAME)";
				SWIFT_VERSION = 4.2;
				TARGETED_DEVICE_FAMILY = "1,2";
				TEST_TARGET_NAME = DailyBook;
			};
			name = Debug;
		};
		159C8D97214801A600C4623C /* Release */ = {
			isa = XCBuildConfiguration;
			buildSettings = {
				ALWAYS_EMBED_SWIFT_STANDARD_LIBRARIES = YES;
				CODE_SIGN_STYLE = Automatic;
				INFOPLIST_FILE = DailyBookUITests/Info.plist;
				LD_RUNPATH_SEARCH_PATHS = (
					"$(inherited)",
					"@executable_path/Frameworks",
					"@loader_path/Frameworks",
				);
				PRODUCT_BUNDLE_IDENTIFIER = Miguel.DailyBookUITests;
				PRODUCT_NAME = "$(TARGET_NAME)";
				SWIFT_VERSION = 4.2;
				TARGETED_DEVICE_FAMILY = "1,2";
				TEST_TARGET_NAME = DailyBook;
			};
			name = Release;
		};
/* End XCBuildConfiguration section */

/* Begin XCConfigurationList section */
		159C8D60214801A400C4623C /* Build configuration list for PBXProject "DailyBook" */ = {
			isa = XCConfigurationList;
			buildConfigurations = (
				159C8D8D214801A600C4623C /* Debug */,
				159C8D8E214801A600C4623C /* Release */,
			);
			defaultConfigurationIsVisible = 0;
			defaultConfigurationName = Release;
		};
		159C8D8F214801A600C4623C /* Build configuration list for PBXNativeTarget "DailyBook" */ = {
			isa = XCConfigurationList;
			buildConfigurations = (
				159C8D90214801A600C4623C /* Debug */,
				159C8D91214801A600C4623C /* Release */,
			);
			defaultConfigurationIsVisible = 0;
			defaultConfigurationName = Release;
		};
		159C8D92214801A600C4623C /* Build configuration list for PBXNativeTarget "DailyBookTests" */ = {
			isa = XCConfigurationList;
			buildConfigurations = (
				159C8D93214801A600C4623C /* Debug */,
				159C8D94214801A600C4623C /* Release */,
			);
			defaultConfigurationIsVisible = 0;
			defaultConfigurationName = Release;
		};
		159C8D95214801A600C4623C /* Build configuration list for PBXNativeTarget "DailyBookUITests" */ = {
			isa = XCConfigurationList;
			buildConfigurations = (
				159C8D96214801A600C4623C /* Debug */,
				159C8D97214801A600C4623C /* Release */,
			);
			defaultConfigurationIsVisible = 0;
			defaultConfigurationName = Release;
		};
/* End XCConfigurationList section */
	};
	rootObject = 159C8D5D214801A400C4623C /* Project object */;
}
